<?xml version="1.0" encoding="utf-8"?>
<Project ToolsVersion="4.0" xmlns="http://schemas.microsoft.com/developer/msbuild/2003">
  <ItemGroup>
    <Filter Include="源文件">
      <UniqueIdentifier>{4FC737F1-C7A5-4376-A066-2A32D752A2FF}</UniqueIdentifier>
      <Extensions>cpp;c;cc;cxx;def;odl;idl;hpj;bat;asm;asmx</Extensions>
    </Filter>
    <Filter Include="头文件">
      <UniqueIdentifier>{93995380-89BD-4b04-88EB-625FBE52EBFB}</UniqueIdentifier>
      <Extensions>h;hh;hpp;hxx;hm;inl;inc;ipp;xsd</Extensions>
    </Filter>
    <Filter Include="资源文件">
      <UniqueIdentifier>{67DA6AB6-F800-4c08-8B7A-83BB121AAD01}</UniqueIdentifier>
      <Extensions>rc;ico;cur;bmp;dlg;rc2;rct;bin;rgs;gif;jpg;jpeg;jpe;resx;tiff;tif;png;wav;mfcribbon-ms</Extensions>
    </Filter>
    <Filter Include="源文件\随意练习">
      <UniqueIdentifier>{af86d553-3641-4c4c-b052-cc190947ed21}</UniqueIdentifier>
    </Filter>
    <Filter Include="头文件\teach_yourself_cpp">
      <UniqueIdentifier>{955e1799-2885-47a4-ae04-027fe1793322}</UniqueIdentifier>
    </Filter>
    <Filter Include="头文件\scifinance">
      <UniqueIdentifier>{adb60262-9d13-4e9b-888a-20c300dcade6}</UniqueIdentifier>
    </Filter>
    <Filter Include="头文件\newmat10">
      <UniqueIdentifier>{44473f11-1ef9-414a-b0fc-ba58cb6d043f}</UniqueIdentifier>
    </Filter>
  </ItemGroup>
  <ItemGroup>
    <ClCompile Include="test1.cpp">
      <Filter>源文件\随意练习</Filter>
    </ClCompile>
    <ClCompile Include="Rectangle.cpp">
      <Filter>头文件\teach_yourself_cpp</Filter>
    </ClCompile>
    <ClCompile Include="Tricycle.cpp">
      <Filter>头文件\teach_yourself_cpp</Filter>
    </ClCompile>
    <ClCompile Include="newmat10\bandmat.cpp">
      <Filter>头文件\newmat10</Filter>
    </ClCompile>
    <ClCompile Include="newmat10\cholesky.cpp">
      <Filter>头文件\newmat10</Filter>
    </ClCompile>
    <ClCompile Include="newmat10\evalue.cpp">
      <Filter>头文件\newmat10</Filter>
    </ClCompile>
    <ClCompile Include="newmat10\example.cpp">
      <Filter>头文件\newmat10</Filter>
    </ClCompile>
    <ClCompile Include="newmat10\fft.cpp">
      <Filter>头文件\newmat10</Filter>
    </ClCompile>
    <ClCompile Include="newmat10\garch.cpp">
      <Filter>头文件\newmat10</Filter>
    </ClCompile>
    <ClCompile Include="newmat10\hholder.cpp">
      <Filter>头文件\newmat10</Filter>
    </ClCompile>
    <ClCompile Include="newmat10\jacobi.cpp">
      <Filter>头文件\newmat10</Filter>
    </ClCompile>
    <ClCompile Include="newmat10\myexcept.cpp">
      <Filter>头文件\newmat10</Filter>
    </ClCompile>
    <ClCompile Include="newmat10\newfft.cpp">
      <Filter>头文件\newmat10</Filter>
    </ClCompile>
    <ClCompile Include="newmat10\newmat1.cpp">
      <Filter>头文件\newmat10</Filter>
    </ClCompile>
    <ClCompile Include="newmat10\newmat2.cpp">
      <Filter>头文件\newmat10</Filter>
    </ClCompile>
    <ClCompile Include="newmat10\newmat3.cpp">
      <Filter>头文件\newmat10</Filter>
    </ClCompile>
    <ClCompile Include="newmat10\newmat4.cpp">
      <Filter>头文件\newmat10</Filter>
    </ClCompile>
    <ClCompile Include="newmat10\newmat5.cpp">
      <Filter>头文件\newmat10</Filter>
    </ClCompile>
    <ClCompile Include="newmat10\newmat6.cpp">
      <Filter>头文件\newmat10</Filter>
    </ClCompile>
    <ClCompile Include="newmat10\newmat7.cpp">
      <Filter>头文件\newmat10</Filter>
    </ClCompile>
    <ClCompile Include="newmat10\newmat8.cpp">
      <Filter>头文件\newmat10</Filter>
    </ClCompile>
    <ClCompile Include="newmat10\newmat9.cpp">
      <Filter>头文件\newmat10</Filter>
    </ClCompile>
    <ClCompile Include="newmat10\newmatex.cpp">
      <Filter>头文件\newmat10</Filter>
    </ClCompile>
    <ClCompile Include="newmat10\newmatnl.cpp">
      <Filter>头文件\newmat10</Filter>
    </ClCompile>
    <ClCompile Include="newmat10\newmatrm.cpp">
      <Filter>头文件\newmat10</Filter>
    </ClCompile>
    <ClCompile Include="newmat10\nl_ex.cpp">
      <Filter>头文件\newmat10</Filter>
    </ClCompile>
    <ClCompile Include="newmat10\sl_ex.cpp">
      <Filter>头文件\newmat10</Filter>
    </ClCompile>
    <ClCompile Include="newmat10\solution.cpp">
      <Filter>头文件\newmat10</Filter>
    </ClCompile>
    <ClCompile Include="newmat10\sort.cpp">
      <Filter>头文件\newmat10</Filter>
    </ClCompile>
    <ClCompile Include="newmat10\submat.cpp">
      <Filter>头文件\newmat10</Filter>
    </ClCompile>
    <ClCompile Include="newmat10\svd.cpp">
      <Filter>头文件\newmat10</Filter>
    </ClCompile>
    <ClCompile Include="newmat10\test_exc.cpp">
      <Filter>头文件\newmat10</Filter>
    </ClCompile>
    <ClCompile Include="newmat10\tmt.cpp">
      <Filter>头文件\newmat10</Filter>
    </ClCompile>
    <ClCompile Include="newmat10\tmt1.cpp">
      <Filter>头文件\newmat10</Filter>
    </ClCompile>
    <ClCompile Include="newmat10\tmt2.cpp">
      <Filter>头文件\newmat10</Filter>
    </ClCompile>
    <ClCompile Include="newmat10\tmt3.cpp">
      <Filter>头文件\newmat10</Filter>
    </ClCompile>
    <ClCompile Include="newmat10\tmt4.cpp">
      <Filter>头文件\newmat10</Filter>
    </ClCompile>
    <ClCompile Include="newmat10\tmt5.cpp">
      <Filter>头文件\newmat10</Filter>
    </ClCompile>
    <ClCompile Include="newmat10\tmt6.cpp">
      <Filter>头文件\newmat10</Filter>
    </ClCompile>
    <ClCompile Include="newmat10\tmt7.cpp">
      <Filter>头文件\newmat10</Filter>
    </ClCompile>
    <ClCompile Include="newmat10\tmt8.cpp">
      <Filter>头文件\newmat10</Filter>
    </ClCompile>
    <ClCompile Include="newmat10\tmt9.cpp">
      <Filter>头文件\newmat10</Filter>
    </ClCompile>
    <ClCompile Include="newmat10\tmta.cpp">
      <Filter>头文件\newmat10</Filter>
    </ClCompile>
    <ClCompile Include="newmat10\tmtb.cpp">
      <Filter>头文件\newmat10</Filter>
    </ClCompile>
    <ClCompile Include="newmat10\tmtc.cpp">
      <Filter>头文件\newmat10</Filter>
    </ClCompile>
    <ClCompile Include="newmat10\tmtd.cpp">
      <Filter>头文件\newmat10</Filter>
    </ClCompile>
    <ClCompile Include="newmat10\tmte.cpp">
      <Filter>头文件\newmat10</Filter>
    </ClCompile>
    <ClCompile Include="newmat10\tmtf.cpp">
      <Filter>头文件\newmat10</Filter>
    </ClCompile>
    <ClCompile Include="newmat10\tmtg.cpp">
      <Filter>头文件\newmat10</Filter>
    </ClCompile>
    <ClCompile Include="newmat10\tmth.cpp">
      <Filter>头文件\newmat10</Filter>
    </ClCompile>
    <ClCompile Include="newmat10\tmti.cpp">
      <Filter>头文件\newmat10</Filter>
    </ClCompile>
    <ClCompile Include="newmat10\tmtj.cpp">
      <Filter>头文件\newmat10</Filter>
    </ClCompile>
    <ClCompile Include="newmat10\tmtk.cpp">
      <Filter>头文件\newmat10</Filter>
    </ClCompile>
    <ClCompile Include="newmat10\tmtl.cpp">
      <Filter>头文件\newmat10</Filter>
    </ClCompile>
    <ClCompile Include="newmat10\tmtm.cpp">
      <Filter>头文件\newmat10</Filter>
    </ClCompile>
  </ItemGroup>
  <ItemGroup>
    <ClInclude Include="Motto.h">
      <Filter>头文件\teach_yourself_cpp</Filter>
    </ClInclude>
    <ClInclude Include="Calculator.h">
      <Filter>头文件\teach_yourself_cpp</Filter>
    </ClInclude>
    <ClInclude Include="Sizer.h">
      <Filter>头文件\teach_yourself_cpp</Filter>
    </ClInclude>
    <ClInclude Include="Rectangle.h">
      <Filter>头文件\teach_yourself_cpp</Filter>
    </ClInclude>
    <ClInclude Include="NewRectangle.h">
      <Filter>头文件\teach_yourself_cpp</Filter>
    </ClInclude>
    <ClInclude Include="Compass.h">
      <Filter>头文件\teach_yourself_cpp</Filter>
    </ClInclude>
    <ClInclude Include="Combat.h">
      <Filter>头文件\teach_yourself_cpp</Filter>
    </ClInclude>
    <ClInclude Include="Expression.h">
      <Filter>头文件\teach_yourself_cpp</Filter>
    </ClInclude>
    <ClInclude Include="Years.h">
      <Filter>头文件\teach_yourself_cpp</Filter>
    </ClInclude>
    <ClInclude Include="Grader.h">
      <Filter>头文件\teach_yourself_cpp</Filter>
    </ClInclude>
    <ClInclude Include="NewGrader.h">
      <Filter>头文件\teach_yourself_cpp</Filter>
    </ClInclude>
    <ClInclude Include="Area.h">
      <Filter>头文件\teach_yourself_cpp</Filter>
    </ClInclude>
    <ClInclude Include="Temperature.h">
      <Filter>头文件\teach_yourself_cpp</Filter>
    </ClInclude>
    <ClInclude Include="Global.h">
      <Filter>头文件\teach_yourself_cpp</Filter>
    </ClInclude>
    <ClInclude Include="LeapYear.h">
      <Filter>头文件\teach_yourself_cpp</Filter>
    </ClInclude>
    <ClInclude Include="AreaCube.h">
      <Filter>头文件\teach_yourself_cpp</Filter>
    </ClInclude>
    <ClInclude Include="AutoCube.h">
      <Filter>头文件\teach_yourself_cpp</Filter>
    </ClInclude>
    <ClInclude Include="Thirteens.h">
      <Filter>头文件\teach_yourself_cpp</Filter>
    </ClInclude>
    <ClInclude Include="Fourteens.h">
      <Filter>头文件\teach_yourself_cpp</Filter>
    </ClInclude>
    <ClInclude Include="Fifteens.h">
      <Filter>头文件\teach_yourself_cpp</Filter>
    </ClInclude>
    <ClInclude Include="Badger.h">
      <Filter>头文件\teach_yourself_cpp</Filter>
    </ClInclude>
    <ClInclude Include="MultTable.h">
      <Filter>头文件\teach_yourself_cpp</Filter>
    </ClInclude>
    <ClInclude Include="BoxMaker.h">
      <Filter>头文件\teach_yourself_cpp</Filter>
    </ClInclude>
    <ClInclude Include="BadTeacher.h">
      <Filter>头文件\teach_yourself_cpp</Filter>
    </ClInclude>
    <ClInclude Include="WeightGoals.h">
      <Filter>头文件\teach_yourself_cpp</Filter>
    </ClInclude>
    <ClInclude Include="Box.h">
      <Filter>头文件\teach_yourself_cpp</Filter>
    </ClInclude>
    <ClInclude Include="BridgeKeeper.h">
      <Filter>头文件\teach_yourself_cpp</Filter>
    </ClInclude>
    <ClInclude Include="StringCopier.h">
      <Filter>头文件\teach_yourself_cpp</Filter>
    </ClInclude>
    <ClInclude Include="Production.h">
      <Filter>头文件\teach_yourself_cpp</Filter>
    </ClInclude>
    <ClInclude Include="Tricycle.hpp">
      <Filter>头文件\teach_yourself_cpp</Filter>
    </ClInclude>
    <ClInclude Include="NewTricycle.hpp">
      <Filter>头文件\teach_yourself_cpp</Filter>
    </ClInclude>
    <ClInclude Include="Rectangle.hpp">
      <Filter>头文件\teach_yourself_cpp</Filter>
    </ClInclude>
    <ClInclude Include="Addresser.h">
      <Filter>头文件\teach_yourself_cpp</Filter>
    </ClInclude>
    <ClInclude Include="Pointer.h">
      <Filter>头文件\teach_yourself_cpp</Filter>
    </ClInclude>
    <ClInclude Include="PointerCheck.h">
      <Filter>头文件\teach_yourself_cpp</Filter>
    </ClInclude>
    <ClInclude Include="Heap.h">
      <Filter>头文件\teach_yourself_cpp</Filter>
    </ClInclude>
    <ClInclude Include="Swapper.h">
      <Filter>头文件\teach_yourself_cpp</Filter>
    </ClInclude>
    <ClInclude Include="HeapCreater.h">
      <Filter>头文件\teach_yourself_cpp</Filter>
    </ClInclude>
    <ClInclude Include="HeapAccessor.h">
      <Filter>头文件\teach_yourself_cpp</Filter>
    </ClInclude>
    <ClInclude Include="DataMember.h">
      <Filter>头文件\teach_yourself_cpp</Filter>
    </ClInclude>
    <ClInclude Include="This.h">
      <Filter>头文件\teach_yourself_cpp</Filter>
    </ClInclude>
    <ClInclude Include="This1.h">
      <Filter>头文件\teach_yourself_cpp</Filter>
    </ClInclude>
    <ClInclude Include="ConstPointer.h">
      <Filter>头文件\teach_yourself_cpp</Filter>
    </ClInclude>
    <ClInclude Include="Reference.h">
      <Filter>头文件\teach_yourself_cpp</Filter>
    </ClInclude>
    <ClInclude Include="Reference2.h">
      <Filter>头文件\teach_yourself_cpp</Filter>
    </ClInclude>
    <ClInclude Include="Assignment.h">
      <Filter>头文件\teach_yourself_cpp</Filter>
    </ClInclude>
    <ClInclude Include="ValuePasser.h">
      <Filter>头文件\teach_yourself_cpp</Filter>
    </ClInclude>
    <ClInclude Include="PointerSwap.h">
      <Filter>头文件\teach_yourself_cpp</Filter>
    </ClInclude>
    <ClInclude Include="ReferenceSwap.h">
      <Filter>头文件\teach_yourself_cpp</Filter>
    </ClInclude>
    <ClInclude Include="ReturnPointer.h">
      <Filter>头文件\teach_yourself_cpp</Filter>
    </ClInclude>
    <ClInclude Include="ReturnReference.h">
      <Filter>头文件\teach_yourself_cpp</Filter>
    </ClInclude>
    <ClInclude Include="ObjectRef.h">
      <Filter>头文件\teach_yourself_cpp</Filter>
    </ClInclude>
    <ClInclude Include="ConstPasser.h">
      <Filter>头文件\teach_yourself_cpp</Filter>
    </ClInclude>
    <ClInclude Include="RefPasser.h">
      <Filter>头文件\teach_yourself_cpp</Filter>
    </ClInclude>
    <ClInclude Include="ReturnRef.h">
      <Filter>头文件\teach_yourself_cpp</Filter>
    </ClInclude>
    <ClInclude Include="Leak.h">
      <Filter>头文件\teach_yourself_cpp</Filter>
    </ClInclude>
    <ClInclude Include="Rectangle2.h">
      <Filter>头文件\teach_yourself_cpp</Filter>
    </ClInclude>
    <ClInclude Include="DeepCopy.h">
      <Filter>头文件\teach_yourself_cpp</Filter>
    </ClInclude>
    <ClInclude Include="Circle.h">
      <Filter>头文件\teach_yourself_cpp</Filter>
    </ClInclude>
    <ClInclude Include="Counter.h">
      <Filter>头文件\teach_yourself_cpp</Filter>
    </ClInclude>
    <ClInclude Include="Counter2.h">
      <Filter>头文件\teach_yourself_cpp</Filter>
    </ClInclude>
    <ClInclude Include="Counter3.h">
      <Filter>头文件\teach_yourself_cpp</Filter>
    </ClInclude>
    <ClInclude Include="Counter4.h">
      <Filter>头文件\teach_yourself_cpp</Filter>
    </ClInclude>
    <ClInclude Include="Assignment1.h">
      <Filter>头文件\teach_yourself_cpp</Filter>
    </ClInclude>
    <ClInclude Include="Counter5.h">
      <Filter>头文件\teach_yourself_cpp</Filter>
    </ClInclude>
    <ClInclude Include="Counter6.h">
      <Filter>头文件\teach_yourself_cpp</Filter>
    </ClInclude>
    <ClInclude Include="Counter7.h">
      <Filter>头文件\teach_yourself_cpp</Filter>
    </ClInclude>
    <ClInclude Include="Mammal1.h">
      <Filter>头文件\teach_yourself_cpp</Filter>
    </ClInclude>
    <ClInclude Include="Mammal2.h">
      <Filter>头文件\teach_yourself_cpp</Filter>
    </ClInclude>
    <ClInclude Include="Mammal3.h">
      <Filter>头文件\teach_yourself_cpp</Filter>
    </ClInclude>
    <ClInclude Include="Mammal4.h">
      <Filter>头文件\teach_yourself_cpp</Filter>
    </ClInclude>
    <ClInclude Include="Mammal5.h">
      <Filter>头文件\teach_yourself_cpp</Filter>
    </ClInclude>
    <ClInclude Include="Mammal6.h">
      <Filter>头文件\teach_yourself_cpp</Filter>
    </ClInclude>
    <ClInclude Include="Mammal7.h">
      <Filter>头文件\teach_yourself_cpp</Filter>
    </ClInclude>
    <ClInclude Include="Mammal8.h">
      <Filter>头文件\teach_yourself_cpp</Filter>
    </ClInclude>
    <ClInclude Include="Mammal9.h">
      <Filter>头文件\teach_yourself_cpp</Filter>
    </ClInclude>
    <ClInclude Include="Mammal10.h">
      <Filter>头文件\teach_yourself_cpp</Filter>
    </ClInclude>
    <ClInclude Include="Mammal11.h">
      <Filter>头文件\teach_yourself_cpp</Filter>
    </ClInclude>
    <ClInclude Include="Mammal12.h">
      <Filter>头文件\teach_yourself_cpp</Filter>
    </ClInclude>
    <ClInclude Include="Mammal13h.h">
      <Filter>头文件\teach_yourself_cpp</Filter>
    </ClInclude>
    <ClInclude Include="Shape.h">
      <Filter>头文件\teach_yourself_cpp</Filter>
    </ClInclude>
    <ClInclude Include="Shape2.h">
      <Filter>头文件\teach_yourself_cpp</Filter>
    </ClInclude>
    <ClInclude Include="Animal.h">
      <Filter>头文件\teach_yourself_cpp</Filter>
    </ClInclude>
    <ClInclude Include="Exception.h">
      <Filter>头文件\teach_yourself_cpp</Filter>
    </ClInclude>
    <ClInclude Include="PolyException.h">
      <Filter>头文件\teach_yourself_cpp</Filter>
    </ClInclude>
    <ClInclude Include="1_1_1.h">
      <Filter>头文件\scifinance</Filter>
    </ClInclude>
    <ClInclude Include="ParamList.h">
      <Filter>头文件\teach_yourself_cpp</Filter>
    </ClInclude>
    <ClInclude Include="TemplateList.h">
      <Filter>头文件\teach_yourself_cpp</Filter>
    </ClInclude>
    <ClInclude Include="LinkedList.h">
      <Filter>头文件\teach_yourself_cpp</Filter>
    </ClInclude>
    <ClInclude Include="AutoArea.h">
      <Filter>头文件\teach_yourself_cpp</Filter>
    </ClInclude>
    <ClInclude Include="ArrayMaxer.h">
      <Filter>头文件\teach_yourself_cpp</Filter>
    </ClInclude>
    <ClInclude Include="StaticRobot.h">
      <Filter>头文件\teach_yourself_cpp</Filter>
    </ClInclude>
    <ClInclude Include="StaticFunction.h">
      <Filter>头文件\teach_yourself_cpp</Filter>
    </ClInclude>
    <ClInclude Include="String.hpp">
      <Filter>头文件\teach_yourself_cpp</Filter>
    </ClInclude>
    <ClInclude Include="Employee.h">
      <Filter>头文件\teach_yourself_cpp</Filter>
    </ClInclude>
    <ClInclude Include="FunctionPointer.h">
      <Filter>头文件\teach_yourself_cpp</Filter>
    </ClInclude>
    <ClInclude Include="ArrayFunction.h">
      <Filter>头文件\teach_yourself_cpp</Filter>
    </ClInclude>
    <ClInclude Include="FunctionPasser.h">
      <Filter>头文件\teach_yourself_cpp</Filter>
    </ClInclude>
    <ClInclude Include="MemberPointer.h">
      <Filter>头文件\teach_yourself_cpp</Filter>
    </ClInclude>
    <ClInclude Include="MPFunction.h">
      <Filter>头文件\teach_yourself_cpp</Filter>
    </ClInclude>
    <ClInclude Include="SimpleEvent.h">
      <Filter>头文件\teach_yourself_cpp</Filter>
    </ClInclude>
    <ClInclude Include="PostMasterMessage.h">
      <Filter>头文件\teach_yourself_cpp</Filter>
    </ClInclude>
    <ClInclude Include="Driver.h">
      <Filter>头文件\teach_yourself_cpp</Filter>
    </ClInclude>
    <ClInclude Include="1_1_2.h">
      <Filter>头文件\scifinance</Filter>
    </ClInclude>
    <ClInclude Include="1_1_3.h">
      <Filter>头文件\scifinance</Filter>
    </ClInclude>
    <ClInclude Include="1_1_4.h">
      <Filter>头文件\scifinance</Filter>
    </ClInclude>
    <ClInclude Include="1_1_5.h">
      <Filter>头文件\scifinance</Filter>
    </ClInclude>
    <ClInclude Include="1_2_1.h">
      <Filter>头文件\scifinance</Filter>
    </ClInclude>
    <ClInclude Include="1_2_2.h">
      <Filter>头文件\scifinance</Filter>
    </ClInclude>
    <ClInclude Include="1_3_1.h">
      <Filter>头文件\scifinance</Filter>
    </ClInclude>
    <ClInclude Include="1_3_2.h">
      <Filter>头文件\scifinance</Filter>
    </ClInclude>
    <ClInclude Include="1_3_3.h">
      <Filter>头文件\scifinance</Filter>
    </ClInclude>
    <ClInclude Include="1_3_4.h">
      <Filter>头文件\scifinance</Filter>
    </ClInclude>
    <ClInclude Include="1_3_5.h">
      <Filter>头文件\scifinance</Filter>
    </ClInclude>
    <ClInclude Include="1_3_6.h">
      <Filter>头文件\scifinance</Filter>
    </ClInclude>
    <ClInclude Include="1_4_1.h">
      <Filter>头文件\scifinance</Filter>
    </ClInclude>
    <ClInclude Include="newmat10\boolean.h">
      <Filter>头文件\newmat10</Filter>
    </ClInclude>
    <ClInclude Include="newmat10\controlw.h">
      <Filter>头文件\newmat10</Filter>
    </ClInclude>
    <ClInclude Include="newmat10\include.h">
      <Filter>头文件\newmat10</Filter>
    </ClInclude>
    <ClInclude Include="newmat10\myexcept.h">
      <Filter>头文件\newmat10</Filter>
    </ClInclude>
    <ClInclude Include="newmat10\newmat.h">
      <Filter>头文件\newmat10</Filter>
    </ClInclude>
    <ClInclude Include="newmat10\newmatap.h">
      <Filter>头文件\newmat10</Filter>
    </ClInclude>
    <ClInclude Include="newmat10\newmatio.h">
      <Filter>头文件\newmat10</Filter>
    </ClInclude>
    <ClInclude Include="newmat10\newmatnl.h">
      <Filter>头文件\newmat10</Filter>
    </ClInclude>
    <ClInclude Include="newmat10\newmatrc.h">
      <Filter>头文件\newmat10</Filter>
    </ClInclude>
    <ClInclude Include="newmat10\newmatrm.h">
      <Filter>头文件\newmat10</Filter>
    </ClInclude>
    <ClInclude Include="newmat10\precisio.h">
      <Filter>头文件\newmat10</Filter>
    </ClInclude>
    <ClInclude Include="newmat10\solution.h">
      <Filter>头文件\newmat10</Filter>
    </ClInclude>
    <ClInclude Include="newmat10\tmt.h">
      <Filter>头文件\newmat10</Filter>
    </ClInclude>
    <ClInclude Include="1_4_2.h">
      <Filter>头文件\scifinance</Filter>
    </ClInclude>
    <ClInclude Include="1_4_3.h">
      <Filter>头文件\scifinance</Filter>
    </ClInclude>
    <ClInclude Include="2_1_1.h">
      <Filter>头文件\scifinance</Filter>
    </ClInclude>
    <ClInclude Include="2_1_2.h">
      <Filter>头文件\scifinance</Filter>
    </ClInclude>
    <ClInclude Include="2_1_3.h">
      <Filter>头文件\scifinance</Filter>
    </ClInclude>
    <ClInclude Include="2_2_1.h">
      <Filter>头文件\scifinance</Filter>
    </ClInclude>
    <ClInclude Include="2_2_2.h">
      <Filter>头文件\scifinance</Filter>
    </ClInclude>
    <ClInclude Include="2_2_3.h">
      <Filter>头文件\scifinance</Filter>
    </ClInclude>
    <ClInclude Include="2_2_4.h">
      <Filter>头文件\scifinance</Filter>
    </ClInclude>
    <ClInclude Include="2_3_1.h">
      <Filter>头文件\scifinance</Filter>
    </ClInclude>
    <ClInclude Include="2_3_2.h">
      <Filter>头文件\scifinance</Filter>
    </ClInclude>
    <ClInclude Include="3_1_1.h">
      <Filter>头文件\scifinance</Filter>
    </ClInclude>
    <ClInclude Include="3_1_2.h">
      <Filter>头文件\scifinance</Filter>
    </ClInclude>
    <ClInclude Include="3_3_1.h">
      <Filter>头文件\scifinance</Filter>
    </ClInclude>
    <ClInclude Include="3_3_2.h">
      <Filter>头文件\scifinance</Filter>
    </ClInclude>
    <ClInclude Include="3_4_1.h">
      <Filter>头文件\scifinance</Filter>
    </ClInclude>
    <ClInclude Include="3_4_2.h">
      <Filter>头文件\scifinance</Filter>
    </ClInclude>
  </ItemGroup>
  <ItemGroup>
    <Image Include="newmat10\add_time.png">
      <Filter>头文件\newmat10</Filter>
    </Image>
  </ItemGroup>
  <ItemGroup>
    <Text Include="newmat10\AUTHORS.txt">
      <Filter>头文件\newmat10</Filter>
    </Text>
    <Text Include="newmat10\COPYING.txt">
      <Filter>头文件\newmat10</Filter>
    </Text>
    <Text Include="newmat10\example.txt">
      <Filter>头文件\newmat10</Filter>
    </Text>
    <Text Include="newmat10\garch.txt">
      <Filter>头文件\newmat10</Filter>
    </Text>
    <Text Include="newmat10\nl_ex.txt">
      <Filter>头文件\newmat10</Filter>
    </Text>
    <Text Include="newmat10\nm_targ.txt">
      <Filter>头文件\newmat10</Filter>
    </Text>
    <Text Include="newmat10\README.txt">
      <Filter>头文件\newmat10</Filter>
    </Text>
    <Text Include="newmat10\sl_ex.txt">
      <Filter>头文件\newmat10</Filter>
    </Text>
    <Text Include="newmat10\test_exc.txt">
      <Filter>头文件\newmat10</Filter>
    </Text>
    <Text Include="newmat10\tmt.txt">
      <Filter>头文件\newmat10</Filter>
    </Text>
  </ItemGroup>
  <ItemGroup>
    <None Include="newmat10\garch.dat">
      <Filter>头文件\newmat10</Filter>
    </None>
    <None Include="newmat10\newmat.lfl">
      <Filter>头文件\newmat10</Filter>
    </None>
    <None Include="newmat10\nm_b55.mak">
      <Filter>头文件\newmat10</Filter>
    </None>
    <None Include="newmat10\nm_cc.mak">
      <Filter>头文件\newmat10</Filter>
    </None>
    <None Include="newmat10\nm_gnu.mak">
      <Filter>头文件\newmat10</Filter>
    </None>
    <None Include="newmat10\nm_i8.mak">
      <Filter>头文件\newmat10</Filter>
    </None>
    <None Include="newmat10\nm_il8.mak">
      <Filter>头文件\newmat10</Filter>
    </None>
    <None Include="newmat10\nm_m6.mak">
      <Filter>头文件\newmat10</Filter>
    </None>
    <None Include="newmat10\nm_m8.mak">
      <Filter>头文件\newmat10</Filter>
    </None>
    <None Include="newmat10\nm_ow.mak">
      <Filter>头文件\newmat10</Filter>
    </None>
    <None Include="newmat10\nm10.htm">
      <Filter>头文件\newmat10</Filter>
    </None>
    <None Include="newmat10\rbd.css">
      <Filter>头文件\newmat10</Filter>
    </None>
  </ItemGroup>
</Project>